
Microsoft Visual Studio Solution File, Format Version 12.00
# Visual Studio 15
VisualStudioVersion = 15.0.27004.2006
MinimumVisualStudioVersion = 10.0.40219.1
Project("{FAE04EC0-301F-11D3-BF4B-00C04F79EFBC}") = "Server", "Semestrovka2\Server.csproj", "{8F22AD4B-EABD-41F8-B5F7-33ED8BB32A8B}"
EndProject
Project("{FAE04EC0-301F-11D3-BF4B-00C04F79EFBC}") = "WindowsForms", "WindowsForms\WindowsForms.csproj", "{80014D5E-B090-403C-8FC1-CB560CDD3188}"
EndProject
Project("{FAE04EC0-301F-11D3-BF4B-00C04F79EFBC}") = "Client", "Client\Client.csproj", "{96F8F5E4-7513-4EA1-8F3F-5A58A8758BA6}"
EndProject
Global
	GlobalSection(SolutionConfigurationPlatforms) = preSolution
		Debug|Any CPU = Debug|Any CPU
		Release|Any CPU = Release|Any CPU
	EndGlobalSection
	GlobalSection(ProjectConfigurationPlatforms) = postSolution
		{8F22AD4B-EABD-41F8-B5F7-33ED8BB32A8B}.Debug|Any CPU.ActiveCfg = Debug|Any CPU
		{8F22AD4B-EABD-41F8-B5F7-33ED8BB32A8B}.Debug|Any CPU.Build.0 = Debug|Any CPU
		{8F22AD4B-EABD-41F8-B5F7-33ED8BB32A8B}.Release|Any CPU.ActiveCfg = Release|Any CPU
		{8F22AD4B-EABD-41F8-B5F7-33ED8BB32A8B}.Release|Any CPU.Build.0 = Release|Any CPU
		{80014D5E-B090-403C-8FC1-CB560CDD3188}.Debug|Any CPU.ActiveCfg = Debug|Any CPU
		{80014D5E-B090-403C-8FC1-CB560CDD3188}.Debug|Any CPU.Build.0 = Debug|Any CPU
		{80014D5E-B090-403C-8FC1-CB560CDD3188}.Release|Any CPU.ActiveCfg = Release|Any CPU
		{80014D5E-B090-403C-8FC1-CB560CDD3188}.Release|Any CPU.Build.0 = Release|Any CPU
		{96F8F5E4-7513-4EA1-8F3F-5A58A8758BA6}.Debug|Any CPU.ActiveCfg = Debug|Any CPU
		{96F8F5E4-7513-4EA1-8F3F-5A58A8758BA6}.Debug|Any CPU.Build.0 = Debug|Any CPU
		{96F8F5E4-7513-4EA1-8F3F-5A58A8758BA6}.Release|Any CPU.ActiveCfg = Release|Any CPU
		{96F8F5E4-7513-4EA1-8F3F-5A58A8758BA6}.Release|Any CPU.Build.0 = Release|Any CPU
	EndGlobalSection
	GlobalSection(SolutionProperties) = preSolution
		HideSolutionNode = FALSE
	EndGlobalSection
	GlobalSection(ExtensibilityGlobals) = postSolution
		SolutionGuid = {9F0AB855-75F0-4244-821F-836053FF7ACD}
	EndGlobalSection
EndGlobal
